
Microsoft Visual Studio Solution File, Format Version 12.00
# Visual Studio Version 16
VisualStudioVersion = 16.0.30320.27
MinimumVisualStudioVersion = 10.0.40219.1
Project("{FAE04EC0-301F-11D3-BF4B-00C04F79EFBC}") = "SimulacionRestaurante", "SimulacionRestaurante\SimulacionRestaurante.csproj", "{931FBB91-A610-40A4-99F3-36FBAC21686F}"
EndProject
Global
	GlobalSection(SolutionConfigurationPlatforms) = preSolution
		Debug|Any CPU = Debug|Any CPU
		Release|Any CPU = Release|Any CPU
	EndGlobalSection
	GlobalSection(ProjectConfigurationPlatforms) = postSolution
		{931FBB91-A610-40A4-99F3-36FBAC21686F}.Debug|Any CPU.ActiveCfg = Debug|Any CPU
		{931FBB91-A610-40A4-99F3-36FBAC21686F}.Debug|Any CPU.Build.0 = Debug|Any CPU
		{931FBB91-A610-40A4-99F3-36FBAC21686F}.Release|Any CPU.ActiveCfg = Release|Any CPU
		{931FBB91-A610-40A4-99F3-36FBAC21686F}.Release|Any CPU.Build.0 = Release|Any CPU
	EndGlobalSection
	GlobalSection(SolutionProperties) = preSolution
		HideSolutionNode = FALSE
	EndGlobalSection
	GlobalSection(ExtensibilityGlobals) = postSolution
		SolutionGuid = {8805AC1C-FFA0-43BA-A258-648DBF4AD2BD}
	EndGlobalSection
EndGlobal
